
Microsoft Visual Studio Solution File, Format Version 12.00
# Visual Studio Version 16
VisualStudioVersion = 16.0.31729.503
MinimumVisualStudioVersion = 10.0.40219.1
Project("{FAE04EC0-301F-11D3-BF4B-00C04F79EFBC}") = "OopTextTransformations.Library", "OopTextTransformations.Library\OopTextTransformations.Library.csproj", "{764EB28A-1B1C-4F3A-961F-DA8DF0AD27AE}"
EndProject
Project("{FAE04EC0-301F-11D3-BF4B-00C04F79EFBC}") = "OopTextTransformations.Terminal", "OopTransformations.Terminal\OopTextTransformations.Terminal.csproj", "{982C3056-38DF-4B97-BAD4-EE18B034DAEB}"
EndProject
Global
	GlobalSection(SolutionConfigurationPlatforms) = preSolution
		Debug|Any CPU = Debug|Any CPU
		Release|Any CPU = Release|Any CPU
	EndGlobalSection
	GlobalSection(ProjectConfigurationPlatforms) = postSolution
		{764EB28A-1B1C-4F3A-961F-DA8DF0AD27AE}.Debug|Any CPU.ActiveCfg = Debug|Any CPU
		{764EB28A-1B1C-4F3A-961F-DA8DF0AD27AE}.Debug|Any CPU.Build.0 = Debug|Any CPU
		{764EB28A-1B1C-4F3A-961F-DA8DF0AD27AE}.Release|Any CPU.ActiveCfg = Release|Any CPU
		{764EB28A-1B1C-4F3A-961F-DA8DF0AD27AE}.Release|Any CPU.Build.0 = Release|Any CPU
		{982C3056-38DF-4B97-BAD4-EE18B034DAEB}.Debug|Any CPU.ActiveCfg = Debug|Any CPU
		{982C3056-38DF-4B97-BAD4-EE18B034DAEB}.Debug|Any CPU.Build.0 = Debug|Any CPU
		{982C3056-38DF-4B97-BAD4-EE18B034DAEB}.Release|Any CPU.ActiveCfg = Release|Any CPU
		{982C3056-38DF-4B97-BAD4-EE18B034DAEB}.Release|Any CPU.Build.0 = Release|Any CPU
	EndGlobalSection
	GlobalSection(SolutionProperties) = preSolution
		HideSolutionNode = FALSE
	EndGlobalSection
	GlobalSection(ExtensibilityGlobals) = postSolution
		SolutionGuid = {361E7512-E6B7-483F-A2F3-F9FF304EAF7C}
	EndGlobalSection
EndGlobal
